
Microsoft Visual Studio Solution File, Format Version 12.00
# Visual Studio Version 17
VisualStudioVersion = 17.11.35312.102
MinimumVisualStudioVersion = 10.0.40219.1
Project("{FAE04EC0-301F-11D3-BF4B-00C04F79EFBC}") = "back-end", "back-end\back-end.csproj", "{A48F4A21-42FA-4412-B6BF-EDCFEA06FCE3}"
EndProject
Project("{FAE04EC0-301F-11D3-BF4B-00C04F79EFBC}") = "back-end.DataAccess", "back-end.DataAccess\back-end.DataAccess.csproj", "{19A27085-2288-4F15-BE7C-50C827FF2F8A}"
EndProject
Global
	GlobalSection(SolutionConfigurationPlatforms) = preSolution
		Debug|Any CPU = Debug|Any CPU
		Release|Any CPU = Release|Any CPU
	EndGlobalSection
	GlobalSection(ProjectConfigurationPlatforms) = postSolution
		{A48F4A21-42FA-4412-B6BF-EDCFEA06FCE3}.Debug|Any CPU.ActiveCfg = Debug|Any CPU
		{A48F4A21-42FA-4412-B6BF-EDCFEA06FCE3}.Debug|Any CPU.Build.0 = Debug|Any CPU
		{A48F4A21-42FA-4412-B6BF-EDCFEA06FCE3}.Release|Any CPU.ActiveCfg = Release|Any CPU
		{A48F4A21-42FA-4412-B6BF-EDCFEA06FCE3}.Release|Any CPU.Build.0 = Release|Any CPU
		{19A27085-2288-4F15-BE7C-50C827FF2F8A}.Debug|Any CPU.ActiveCfg = Debug|Any CPU
		{19A27085-2288-4F15-BE7C-50C827FF2F8A}.Debug|Any CPU.Build.0 = Debug|Any CPU
		{19A27085-2288-4F15-BE7C-50C827FF2F8A}.Release|Any CPU.ActiveCfg = Release|Any CPU
		{19A27085-2288-4F15-BE7C-50C827FF2F8A}.Release|Any CPU.Build.0 = Release|Any CPU
	EndGlobalSection
	GlobalSection(SolutionProperties) = preSolution
		HideSolutionNode = FALSE
	EndGlobalSection
	GlobalSection(ExtensibilityGlobals) = postSolution
		SolutionGuid = {147F3AD1-BA2C-45AB-B440-66219AE13865}
	EndGlobalSection
EndGlobal
